
Microsoft Visual Studio Solution File, Format Version 12.00
# Visual Studio 15
Project("{FAE04EC0-301F-11D3-BF4B-00C04F79EFBC}") = "Assembly-CSharp-firstpass", "Assembly-CSharp-firstpass.csproj", "{2CE6DF6E-4065-1DE3-1F06-49F4E06C306A}"
EndProject
Project("{FAE04EC0-301F-11D3-BF4B-00C04F79EFBC}") = "Assembly-CSharp-Editor-firstpass", "Assembly-CSharp-Editor-firstpass.csproj", "{72B77298-3D8A-B48E-2305-8B8452C9556A}"
EndProject
Global
	GlobalSection(SolutionConfigurationPlatforms) = preSolution
		Debug|Any CPU = Debug|Any CPU
		Release|Any CPU = Release|Any CPU
	EndGlobalSection
	GlobalSection(ProjectConfigurationPlatforms) = postSolution
		{2CE6DF6E-4065-1DE3-1F06-49F4E06C306A}.Debug|Any CPU.ActiveCfg = Debug|Any CPU
		{2CE6DF6E-4065-1DE3-1F06-49F4E06C306A}.Debug|Any CPU.Build.0 = Debug|Any CPU
		{2CE6DF6E-4065-1DE3-1F06-49F4E06C306A}.Release|Any CPU.ActiveCfg = Release|Any CPU
		{2CE6DF6E-4065-1DE3-1F06-49F4E06C306A}.Release|Any CPU.Build.0 = Release|Any CPU
		{72B77298-3D8A-B48E-2305-8B8452C9556A}.Debug|Any CPU.ActiveCfg = Debug|Any CPU
		{72B77298-3D8A-B48E-2305-8B8452C9556A}.Debug|Any CPU.Build.0 = Debug|Any CPU
		{72B77298-3D8A-B48E-2305-8B8452C9556A}.Release|Any CPU.ActiveCfg = Release|Any CPU
		{72B77298-3D8A-B48E-2305-8B8452C9556A}.Release|Any CPU.Build.0 = Release|Any CPU
	EndGlobalSection
	GlobalSection(SolutionProperties) = preSolution
		HideSolutionNode = FALSE
	EndGlobalSection
EndGlobal
